
Microsoft Visual Studio Solution File, Format Version 12.00
# Visual Studio Version 17
VisualStudioVersion = 17.8.34322.80
MinimumVisualStudioVersion = 10.0.40219.1
Project("{FAE04EC0-301F-11D3-BF4B-00C04F79EFBC}") = "Server", "Server\Server.csproj", "{E53855A8-899A-4993-B574-D11137218CD0}"
EndProject
Project("{FAE04EC0-301F-11D3-BF4B-00C04F79EFBC}") = "Client", "Client\Client.csproj", "{6A47F434-0CBC-4499-BE40-3DD7B9908F56}"
EndProject
Project("{FAE04EC0-301F-11D3-BF4B-00C04F79EFBC}") = "BaseLibrary", "BaseLibrary\BaseLibrary.csproj", "{22B8DA61-5648-4714-B55C-DED4C610D73B}"
EndProject
Project("{FAE04EC0-301F-11D3-BF4B-00C04F79EFBC}") = "ClientLibrary", "ClientLibrary\ClientLibrary.csproj", "{AFF9A4C8-5868-4BA6-A972-5BDBB2FB044C}"
EndProject
Project("{FAE04EC0-301F-11D3-BF4B-00C04F79EFBC}") = "ServerLibrary", "ServerLibrary\ServerLibrary.csproj", "{65800CAF-3F20-430A-B278-698DD2E66F52}"
EndProject
Global
	GlobalSection(SolutionConfigurationPlatforms) = preSolution
		Debug|Any CPU = Debug|Any CPU
		Release|Any CPU = Release|Any CPU
	EndGlobalSection
	GlobalSection(ProjectConfigurationPlatforms) = postSolution
		{E53855A8-899A-4993-B574-D11137218CD0}.Debug|Any CPU.ActiveCfg = Debug|Any CPU
		{E53855A8-899A-4993-B574-D11137218CD0}.Debug|Any CPU.Build.0 = Debug|Any CPU
		{E53855A8-899A-4993-B574-D11137218CD0}.Release|Any CPU.ActiveCfg = Release|Any CPU
		{E53855A8-899A-4993-B574-D11137218CD0}.Release|Any CPU.Build.0 = Release|Any CPU
		{6A47F434-0CBC-4499-BE40-3DD7B9908F56}.Debug|Any CPU.ActiveCfg = Debug|Any CPU
		{6A47F434-0CBC-4499-BE40-3DD7B9908F56}.Debug|Any CPU.Build.0 = Debug|Any CPU
		{6A47F434-0CBC-4499-BE40-3DD7B9908F56}.Release|Any CPU.ActiveCfg = Release|Any CPU
		{6A47F434-0CBC-4499-BE40-3DD7B9908F56}.Release|Any CPU.Build.0 = Release|Any CPU
		{22B8DA61-5648-4714-B55C-DED4C610D73B}.Debug|Any CPU.ActiveCfg = Debug|Any CPU
		{22B8DA61-5648-4714-B55C-DED4C610D73B}.Debug|Any CPU.Build.0 = Debug|Any CPU
		{22B8DA61-5648-4714-B55C-DED4C610D73B}.Release|Any CPU.ActiveCfg = Release|Any CPU
		{22B8DA61-5648-4714-B55C-DED4C610D73B}.Release|Any CPU.Build.0 = Release|Any CPU
		{AFF9A4C8-5868-4BA6-A972-5BDBB2FB044C}.Debug|Any CPU.ActiveCfg = Debug|Any CPU
		{AFF9A4C8-5868-4BA6-A972-5BDBB2FB044C}.Debug|Any CPU.Build.0 = Debug|Any CPU
		{AFF9A4C8-5868-4BA6-A972-5BDBB2FB044C}.Release|Any CPU.ActiveCfg = Release|Any CPU
		{AFF9A4C8-5868-4BA6-A972-5BDBB2FB044C}.Release|Any CPU.Build.0 = Release|Any CPU
		{65800CAF-3F20-430A-B278-698DD2E66F52}.Debug|Any CPU.ActiveCfg = Debug|Any CPU
		{65800CAF-3F20-430A-B278-698DD2E66F52}.Debug|Any CPU.Build.0 = Debug|Any CPU
		{65800CAF-3F20-430A-B278-698DD2E66F52}.Release|Any CPU.ActiveCfg = Release|Any CPU
		{65800CAF-3F20-430A-B278-698DD2E66F52}.Release|Any CPU.Build.0 = Release|Any CPU
	EndGlobalSection
	GlobalSection(SolutionProperties) = preSolution
		HideSolutionNode = FALSE
	EndGlobalSection
	GlobalSection(ExtensibilityGlobals) = postSolution
		SolutionGuid = {3D038B5F-9DE5-496B-B471-65603D3DE2F8}
	EndGlobalSection
EndGlobal
